lockfileVersion: '9.0'

settings:
  autoInstallPeers: true
  excludeLinksFromLockfile: false

importers:

  .:
    devDependencies:
      '@mozilla/readability':
        specifier: ^0.5.0
        version: 0.5.0

packages:

  '@mozilla/readability@0.5.0':
    resolution: {integrity: sha512-Z+CZ3QaosfFaTqvhQsIktyGrjFjSC0Fa4EMph4mqKnWhmyoGICsV/8QK+8HpXut6zV7zwfWwqDmEjtk1Qf6EgQ==}
    engines: {node: '>=14.0.0'}

snapshots:

  '@mozilla/readability@0.5.0': {}
